// !$*UTF8*$!
{
	archiveVersion = 1;
	classes = {
	};
	objectVersion = 46;
	objects = {

/* Begin PBXBuildFile section */
		D81B0F091D06BD1A008C6DCF /* SLBorderCollectionView.m in Sources */ = {isa = PBXBuildFile; fileRef = D81B0F081D06BD1A008C6DCF /* SLBorderCollectionView.m */; };
		D88257D01D0581E10094760D /* NSString+Exten.m in Sources */ = {isa = PBXBuildFile; fileRef = D88257CF1D0581E10094760D /* NSString+Exten.m */; };
		D88257D31D0584670094760D /* SLScrollCollectionViewCell.m in Sources */ = {isa = PBXBuildFile; fileRef = D88257D21D0584670094760D /* SLScrollCollectionViewCell.m */; };
		D88257D71D0596070094760D /* NSString+SLCategory.m in Sources */ = {isa = PBXBuildFile; fileRef = D88257D61D0596070094760D /* NSString+SLCategory.m */; };
		D8F13E921D043EB3005244B7 /* main.m in Sources */ = {isa = PBXBuildFile; fileRef = D8F13E911D043EB3005244B7 /* main.m */; };
		D8F13E951D043EB3005244B7 /* AppDelegate.m in Sources */ = {isa = PBXBuildFile; fileRef = D8F13E941D043EB3005244B7 /* AppDelegate.m */; };
		D8F13E981D043EB3005244B7 /* ViewController.m in Sources */ = {isa = PBXBuildFile; fileRef = D8F13E971D043EB3005244B7 /* ViewController.m */; };
		D8F13E9B1D043EB3005244B7 /* Main.storyboard in Resources */ = {isa = PBXBuildFile; fileRef = D8F13E991D043EB3005244B7 /* Main.storyboard */; };
		D8F13E9D1D043EB4005244B7 /* Assets.xcassets in Resources */ = {isa = PBXBuildFile; fileRef = D8F13E9C1D043EB4005244B7 /* Assets.xcassets */; };
		D8F13EA01D043EB4005244B7 /* LaunchScreen.storyboard in Resources */ = {isa = PBXBuildFile; fileRef = D8F13E9E1D043EB4005244B7 /* LaunchScreen.storyboard */; };
		D8F13EAB1D043EB4005244B7 /* ____Tests.m in Sources */ = {isa = PBXBuildFile; fileRef = D8F13EAA1D043EB4005244B7 /* ____Tests.m */; };
		D8F13EB61D043EB4005244B7 /* ____UITests.m in Sources */ = {isa = PBXBuildFile; fileRef = D8F13EB51D043EB4005244B7 /* ____UITests.m */; };
		D8F13EC51D043EF1005244B7 /* SLSegmentScrollView.m in Sources */ = {isa = PBXBuildFile; fileRef = D8F13EC41D043EF1005244B7 /* SLSegmentScrollView.m */; };
/* End PBXBuildFile section */

/* Begin PBXContainerItemProxy section */
		D8F13EA71D043EB4005244B7 /* PBXContainerItemProxy */ = {
			isa = PBXContainerItemProxy;
			containerPortal = D8F13E851D043EB3005244B7 /* Project object */;
			proxyType = 1;
			remoteGlobalIDString = D8F13E8C1D043EB3005244B7;
			remoteInfo = "水平滚动";
		};
		D8F13EB21D043EB4005244B7 /* PBXContainerItemProxy */ = {
			isa = PBXContainerItemProxy;
			containerPortal = D8F13E851D043EB3005244B7 /* Project object */;
			proxyType = 1;
			remoteGlobalIDString = D8F13E8C1D043EB3005244B7;
			remoteInfo = "水平滚动";
		};
/* End PBXContainerItemProxy section */

/* Begin PBXFileReference section */
		D81B0F071D06BD1A008C6DCF /* SLBorderCollectionView.h */ = {isa = PBXFileReference; fileEncoding = 4; lastKnownFileType = sourcecode.c.h; path = SLBorderCollectionView.h; sourceTree = "<group>"; };
		D81B0F081D06BD1A008C6DCF /* SLBorderCollectionView.m */ = {isa = PBXFileReference; fileEncoding = 4; lastKnownFileType = sourcecode.c.objc; path = SLBorderCollectionView.m; sourceTree = "<group>"; };
		D88257CE1D0581E10094760D /* NSString+Exten.h */ = {isa = PBXFileReference; fileEncoding = 4; lastKnownFileType = sourcecode.c.h; path = "NSString+Exten.h"; sourceTree = "<group>"; };
		D88257CF1D0581E10094760D /* NSString+Exten.m */ = {isa = PBXFileReference; fileEncoding = 4; lastKnownFileType = sourcecode.c.objc; path = "NSString+Exten.m"; sourceTree = "<group>"; };
		D88257D11D0584670094760D /* SLScrollCollectionViewCell.h */ = {isa = PBXFileReference; fileEncoding = 4; lastKnownFileType = sourcecode.c.h; path = SLScrollCollectionViewCell.h; sourceTree = "<group>"; };
		D88257D21D0584670094760D /* SLScrollCollectionViewCell.m */ = {isa = PBXFileReference; fileEncoding = 4; lastKnownFileType = sourcecode.c.objc; path = SLScrollCollectionViewCell.m; sourceTree = "<group>"; };
		D88257D41D0595E80094760D /* NSString_SLExten.h */ = {isa = PBXFileReference; fileEncoding = 4; lastKnownFileType = sourcecode.c.h; path = NSString_SLExten.h; sourceTree = "<group>"; };
		D88257D51D0596070094760D /* NSString+SLCategory.h */ = {isa = PBXFileReference; fileEncoding = 4; lastKnownFileType = sourcecode.c.h; path = "NSString+SLCategory.h"; sourceTree = "<group>"; };
		D88257D61D0596070094760D /* NSString+SLCategory.m */ = {isa = PBXFileReference; fileEncoding = 4; lastKnownFileType = sourcecode.c.objc; path = "NSString+SLCategory.m"; sourceTree = "<group>"; };
		D8F13E8D1D043EB3005244B7 /* HorizontalRollingDemo.app */ = {isa = PBXFileReference; explicitFileType = wrapper.application; includeInIndex = 0; path = HorizontalRollingDemo.app; sourceTree = BUILT_PRODUCTS_DIR; };
		D8F13E911D043EB3005244B7 /* main.m */ = {isa = PBXFileReference; lastKnownFileType = sourcecode.c.objc; path = main.m; sourceTree = "<group>"; };
		D8F13E931D043EB3005244B7 /* AppDelegate.h */ = {isa = PBXFileReference; lastKnownFileType = sourcecode.c.h; path = AppDelegate.h; sourceTree = "<group>"; };
		D8F13E941D043EB3005244B7 /* AppDelegate.m */ = {isa = PBXFileReference; lastKnownFileType = sourcecode.c.objc; path = AppDelegate.m; sourceTree = "<group>"; };
		D8F13E961D043EB3005244B7 /* ViewController.h */ = {isa = PBXFileReference; lastKnownFileType = sourcecode.c.h; path = ViewController.h; sourceTree = "<group>"; };
		D8F13E971D043EB3005244B7 /* ViewController.m */ = {isa = PBXFileReference; lastKnownFileType = sourcecode.c.objc; path = ViewController.m; sourceTree = "<group>"; };
		D8F13E9A1D043EB3005244B7 /* Base */ = {isa = PBXFileReference; lastKnownFileType = file.storyboard; name = Base; path = Base.lproj/Main.storyboard; sourceTree = "<group>"; };
		D8F13E9C1D043EB4005244B7 /* Assets.xcassets */ = {isa = PBXFileReference; lastKnownFileType = folder.assetcatalog; path = Assets.xcassets; sourceTree = "<group>"; };
		D8F13E9F1D043EB4005244B7 /* Base */ = {isa = PBXFileReference; lastKnownFileType = file.storyboard; name = Base; path = Base.lproj/LaunchScreen.storyboard; sourceTree = "<group>"; };
		D8F13EA11D043EB4005244B7 /* Info.plist */ = {isa = PBXFileReference; lastKnownFileType = text.plist.xml; path = Info.plist; sourceTree = "<group>"; };
		D8F13EA61D043EB4005244B7 /* HorizontalRollingDemoTests.xctest */ = {isa = PBXFileReference; explicitFileType = wrapper.cfbundle; includeInIndex = 0; path = HorizontalRollingDemoTests.xctest; sourceTree = BUILT_PRODUCTS_DIR; };
		D8F13EAA1D043EB4005244B7 /* ____Tests.m */ = {isa = PBXFileReference; lastKnownFileType = sourcecode.c.objc; path = "____Tests.m"; sourceTree = "<group>"; };
		D8F13EAC1D043EB4005244B7 /* Info.plist */ = {isa = PBXFileReference; lastKnownFileType = text.plist.xml; path = Info.plist; sourceTree = "<group>"; };
		D8F13EB11D043EB4005244B7 /* HorizontalRollingDemoUITests.xctest */ = {isa = PBXFileReference; explicitFileType = wrapper.cfbundle; includeInIndex = 0; path = HorizontalRollingDemoUITests.xctest; sourceTree = BUILT_PRODUCTS_DIR; };
		D8F13EB51D043EB4005244B7 /* ____UITests.m */ = {isa = PBXFileReference; lastKnownFileType = sourcecode.c.objc; path = "____UITests.m"; sourceTree = "<group>"; };
		D8F13EB71D043EB4005244B7 /* Info.plist */ = {isa = PBXFileReference; lastKnownFileType = text.plist.xml; path = Info.plist; sourceTree = "<group>"; };
		D8F13EC31D043EF1005244B7 /* SLSegmentScrollView.h */ = {isa = PBXFileReference; fileEncoding = 4; lastKnownFileType = sourcecode.c.h; path = SLSegmentScrollView.h; sourceTree = "<group>"; };
		D8F13EC41D043EF1005244B7 /* SLSegmentScrollView.m */ = {isa = PBXFileReference; fileEncoding = 4; lastKnownFileType = sourcecode.c.objc; path = SLSegmentScrollView.m; sourceTree = "<group>"; };
/* End PBXFileReference section */

/* Begin PBXFrameworksBuildPhase section */
		D8F13E8A1D043EB3005244B7 /* Frameworks */ = {
			isa = PBXFrameworksBuildPhase;
			buildActionMask = 2147483647;
			files = (
			);
			runOnlyForDeploymentPostprocessing = 0;
		};
		D8F13EA31D043EB4005244B7 /* Frameworks */ = {
			isa = PBXFrameworksBuildPhase;
			buildActionMask = 2147483647;
			files = (
			);
			runOnlyForDeploymentPostprocessing = 0;
		};
		D8F13EAE1D043EB4005244B7 /* Frameworks */ = {
			isa = PBXFrameworksBuildPhase;
			buildActionMask = 2147483647;
			files = (
			);
			runOnlyForDeploymentPostprocessing = 0;
		};
/* End PBXFrameworksBuildPhase section */

/* Begin PBXGroup section */
		D8F13E841D043EB3005244B7 = {
			isa = PBXGroup;
			children = (
				D8F13E8F1D043EB3005244B7 /* HorizontalRollingDemo */,
				D8F13EA91D043EB4005244B7 /* HorizontalRollingDemoTests */,
				D8F13EB41D043EB4005244B7 /* HorizontalRollingDemoUITests */,
				D8F13E8E1D043EB3005244B7 /* Products */,
			);
			sourceTree = "<group>";
		};
		D8F13E8E1D043EB3005244B7 /* Products */ = {
			isa = PBXGroup;
			children = (
				D8F13E8D1D043EB3005244B7 /* HorizontalRollingDemo.app */,
				D8F13EA61D043EB4005244B7 /* HorizontalRollingDemoTests.xctest */,
				D8F13EB11D043EB4005244B7 /* HorizontalRollingDemoUITests.xctest */,
			);
			name = Products;
			sourceTree = "<group>";
		};
		D8F13E8F1D043EB3005244B7 /* HorizontalRollingDemo */ = {
			isa = PBXGroup;
			children = (
				D8F13E931D043EB3005244B7 /* AppDelegate.h */,
				D8F13E941D043EB3005244B7 /* AppDelegate.m */,
				D8F13E961D043EB3005244B7 /* ViewController.h */,
				D8F13E971D043EB3005244B7 /* ViewController.m */,
				D8F13EC31D043EF1005244B7 /* SLSegmentScrollView.h */,
				D8F13EC41D043EF1005244B7 /* SLSegmentScrollView.m */,
				D88257D11D0584670094760D /* SLScrollCollectionViewCell.h */,
				D88257D21D0584670094760D /* SLScrollCollectionViewCell.m */,
				D81B0F071D06BD1A008C6DCF /* SLBorderCollectionView.h */,
				D81B0F081D06BD1A008C6DCF /* SLBorderCollectionView.m */,
				D88257D41D0595E80094760D /* NSString_SLExten.h */,
				D88257D51D0596070094760D /* NSString+SLCategory.h */,
				D88257D61D0596070094760D /* NSString+SLCategory.m */,
				D88257CE1D0581E10094760D /* NSString+Exten.h */,
				D88257CF1D0581E10094760D /* NSString+Exten.m */,
				D8F13E991D043EB3005244B7 /* Main.storyboard */,
				D8F13E9C1D043EB4005244B7 /* Assets.xcassets */,
				D8F13E9E1D043EB4005244B7 /* LaunchScreen.storyboard */,
				D8F13EA11D043EB4005244B7 /* Info.plist */,
				D8F13E901D043EB3005244B7 /* Supporting Files */,
			);
			path = HorizontalRollingDemo;
			sourceTree = "<group>";
		};
		D8F13E901D043EB3005244B7 /* Supporting Files */ = {
			isa = PBXGroup;
			children = (
				D8F13E911D043EB3005244B7 /* main.m */,
			);
			name = "Supporting Files";
			sourceTree = "<group>";
		};
		D8F13EA91D043EB4005244B7 /* HorizontalRollingDemoTests */ = {
			isa = PBXGroup;
			children = (
				D8F13EAA1D043EB4005244B7 /* ____Tests.m */,
				D8F13EAC1D043EB4005244B7 /* Info.plist */,
			);
			path = HorizontalRollingDemoTests;
			sourceTree = "<group>";
		};
		D8F13EB41D043EB4005244B7 /* HorizontalRollingDemoUITests */ = {
			isa = PBXGroup;
			children = (
				D8F13EB51D043EB4005244B7 /* ____UITests.m */,
				D8F13EB71D043EB4005244B7 /* Info.plist */,
			);
			path = HorizontalRollingDemoUITests;
			sourceTree = "<group>";
		};
/* End PBXGroup section */

/* Begin PBXNativeTarget section */
		D8F13E8C1D043EB3005244B7 /* HorizontalRollingDemo */ = {
			isa = PBXNativeTarget;
			buildConfigurationList = D8F13EBA1D043EB4005244B7 /* Build configuration list for PBXNativeTarget "HorizontalRollingDemo" */;
			buildPhases = (
				D8F13E891D043EB3005244B7 /* Sources */,
				D8F13E8A1D043EB3005244B7 /* Frameworks */,
				D8F13E8B1D043EB3005244B7 /* Resources */,
			);
			buildRules = (
			);
			dependencies = (
			);
			name = HorizontalRollingDemo;
			productName = "水平滚动";
			productReference = D8F13E8D1D043EB3005244B7 /* HorizontalRollingDemo.app */;
			productType = "com.apple.product-type.application";
		};
		D8F13EA51D043EB4005244B7 /* HorizontalRollingDemoTests */ = {
			isa = PBXNativeTarget;
			buildConfigurationList = D8F13EBD1D043EB4005244B7 /* Build configuration list for PBXNativeTarget "HorizontalRollingDemoTests" */;
			buildPhases = (
				D8F13EA21D043EB4005244B7 /* Sources */,
				D8F13EA31D043EB4005244B7 /* Frameworks */,
				D8F13EA41D043EB4005244B7 /* Resources */,
			);
			buildRules = (
			);
			dependencies = (
				D8F13EA81D043EB4005244B7 /* PBXTargetDependency */,
			);
			name = HorizontalRollingDemoTests;
			productName = "水平滚动Tests";
			productReference = D8F13EA61D043EB4005244B7 /* HorizontalRollingDemoTests.xctest */;
			productType = "com.apple.product-type.bundle.unit-test";
		};
		D8F13EB01D043EB4005244B7 /* HorizontalRollingDemoUITests */ = {
			isa = PBXNativeTarget;
			buildConfigurationList = D8F13EC01D043EB4005244B7 /* Build configuration list for PBXNativeTarget "HorizontalRollingDemoUITests" */;
			buildPhases = (
				D8F13EAD1D043EB4005244B7 /* Sources */,
				D8F13EAE1D043EB4005244B7 /* Frameworks */,
				D8F13EAF1D043EB4005244B7 /* Resources */,
			);
			buildRules = (
			);
			dependencies = (
				D8F13EB31D043EB4005244B7 /* PBXTargetDependency */,
			);
			name = HorizontalRollingDemoUITests;
			productName = "水平滚动UITests";
			productReference = D8F13EB11D043EB4005244B7 /* HorizontalRollingDemoUITests.xctest */;
			productType = "com.apple.product-type.bundle.ui-testing";
		};
/* End PBXNativeTarget section */

/* Begin PBXProject section */
		D8F13E851D043EB3005244B7 /* Project object */ = {
			isa = PBXProject;
			attributes = {
				LastUpgradeCheck = 0730;
				ORGANIZATIONNAME = XinHuaTV;
				TargetAttributes = {
					D8F13E8C1D043EB3005244B7 = {
						CreatedOnToolsVersion = 7.3;
						DevelopmentTeam = SXRG394Q55;
					};
					D8F13EA51D043EB4005244B7 = {
						CreatedOnToolsVersion = 7.3;
						TestTargetID = D8F13E8C1D043EB3005244B7;
					};
					D8F13EB01D043EB4005244B7 = {
						CreatedOnToolsVersion = 7.3;
						DevelopmentTeam = SXRG394Q55;
						TestTargetID = D8F13E8C1D043EB3005244B7;
					};
				};
			};
			buildConfigurationList = D8F13E881D043EB3005244B7 /* Build configuration list for PBXProject "HorizontalRollingDemo" */;
			compatibilityVersion = "Xcode 3.2";
			developmentRegion = English;
			hasScannedForEncodings = 0;
			knownRegions = (
				en,
				Base,
			);
			mainGroup = D8F13E841D043EB3005244B7;
			productRefGroup = D8F13E8E1D043EB3005244B7 /* Products */;
			projectDirPath = "";
			projectRoot = "";
			targets = (
				D8F13E8C1D043EB3005244B7 /* HorizontalRollingDemo */,
				D8F13EA51D043EB4005244B7 /* HorizontalRollingDemoTests */,
				D8F13EB01D043EB4005244B7 /* HorizontalRollingDemoUITests */,
			);
		};
/* End PBXProject section */

/* Begin PBXResourcesBuildPhase section */
		D8F13E8B1D043EB3005244B7 /* Resources */ = {
			isa = PBXResourcesBuildPhase;
			buildActionMask = 2147483647;
			files = (
				D8F13EA01D043EB4005244B7 /* LaunchScreen.storyboard in Resources */,
				D8F13E9D1D043EB4005244B7 /* Assets.xcassets in Resources */,
				D8F13E9B1D043EB3005244B7 /* Main.storyboard in Resources */,
			);
			runOnlyForDeploymentPostprocessing = 0;
		};
		D8F13EA41D043EB4005244B7 /* Resources */ = {
			isa = PBXResourcesBuildPhase;
			buildActionMask = 2147483647;
			files = (
			);
			runOnlyForDeploymentPostprocessing = 0;
		};
		D8F13EAF1D043EB4005244B7 /* Resources */ = {
			isa = PBXResourcesBuildPhase;
			buildActionMask = 2147483647;
			files = (
			);
			runOnlyForDeploymentPostprocessing = 0;
		};
/* End PBXResourcesBuildPhase section */

/* Begin PBXSourcesBuildPhase section */
		D8F13E891D043EB3005244B7 /* Sources */ = {
			isa = PBXSourcesBuildPhase;
			buildActionMask = 2147483647;
			files = (
				D88257D01D0581E10094760D /* NSString+Exten.m in Sources */,
				D8F13EC51D043EF1005244B7 /* SLSegmentScrollView.m in Sources */,
				D88257D31D0584670094760D /* SLScrollCollectionViewCell.m in Sources */,
				D8F13E981D043EB3005244B7 /* ViewController.m in Sources */,
				D8F13E951D043EB3005244B7 /* AppDelegate.m in Sources */,
				D88257D71D0596070094760D /* NSString+SLCategory.m in Sources */,
				D8F13E921D043EB3005244B7 /* main.m in Sources */,
				D81B0F091D06BD1A008C6DCF /* SLBorderCollectionView.m in Sources */,
			);
			runOnlyForDeploymentPostprocessing = 0;
		};
		D8F13EA21D043EB4005244B7 /* Sources */ = {
			isa = PBXSourcesBuildPhase;
			buildActionMask = 2147483647;
			files = (
				D8F13EAB1D043EB4005244B7 /* ____Tests.m in Sources */,
			);
			runOnlyForDeploymentPostprocessing = 0;
		};
		D8F13EAD1D043EB4005244B7 /* Sources */ = {
			isa = PBXSourcesBuildPhase;
			buildActionMask = 2147483647;
			files = (
				D8F13EB61D043EB4005244B7 /* ____UITests.m in Sources */,
			);
			runOnlyForDeploymentPostprocessing = 0;
		};
/* End PBXSourcesBuildPhase section */

/* Begin PBXTargetDependency section */
		D8F13EA81D043EB4005244B7 /* PBXTargetDependency */ = {
			isa = PBXTargetDependency;
			target = D8F13E8C1D043EB3005244B7 /* HorizontalRollingDemo */;
			targetProxy = D8F13EA71D043EB4005244B7 /* PBXContainerItemProxy */;
		};
		D8F13EB31D043EB4005244B7 /* PBXTargetDependency */ = {
			isa = PBXTargetDependency;
			target = D8F13E8C1D043EB3005244B7 /* HorizontalRollingDemo */;
			targetProxy = D8F13EB21D043EB4005244B7 /* PBXContainerItemProxy */;
		};
/* End PBXTargetDependency section */

/* Begin PBXVariantGroup section */
		D8F13E991D043EB3005244B7 /* Main.storyboard */ = {
			isa = PBXVariantGroup;
			children = (
				D8F13E9A1D043EB3005244B7 /* Base */,
			);
			name = Main.storyboard;
			sourceTree = "<group>";
		};
		D8F13E9E1D043EB4005244B7 /* LaunchScreen.storyboard */ = {
			isa = PBXVariantGroup;
			children = (
				D8F13E9F1D043EB4005244B7 /* Base */,
			);
			name = LaunchScreen.storyboard;
			sourceTree = "<group>";
		};
/* End PBXVariantGroup section */

/* Begin XCBuildConfiguration section */
		D8F13EB81D043EB4005244B7 /* Debug */ = {
			isa = XCBuildConfiguration;
			buildSettings = {
				ALWAYS_SEARCH_USER_PATHS = NO;
				CLANG_ANALYZER_NONNULL = YES;
				CLANG_CXX_LANGUAGE_STANDARD = "gnu++0x";
				CLANG_CXX_LIBRARY = "libc++";
				CLANG_ENABLE_MODULES = YES;
				CLANG_ENABLE_OBJC_ARC = YES;
				CLANG_WARN_BOOL_CONVERSION = YES;
				CLANG_WARN_CONSTANT_CONVERSION = YES;
				CLANG_WARN_DIRECT_OBJC_ISA_USAGE = YES_ERROR;
				CLANG_WARN_EMPTY_BODY = YES;
				CLANG_WARN_ENUM_CONVERSION = YES;
				CLANG_WARN_INT_CONVERSION = YES;
				CLANG_WARN_OBJC_ROOT_CLASS = YES_ERROR;
				CLANG_WARN_UNREACHABLE_CODE = YES;
				CLANG_WARN__DUPLICATE_METHOD_MATCH = YES;
				"CODE_SIGN_IDENTITY[sdk=iphoneos*]" = "iPhone Developer";
				COPY_PHASE_STRIP = NO;
				DEBUG_INFORMATION_FORMAT = dwarf;
				ENABLE_STRICT_OBJC_MSGSEND = YES;
				ENABLE_TESTABILITY = YES;
				GCC_C_LANGUAGE_STANDARD = gnu99;
				GCC_DYNAMIC_NO_PIC = NO;
				GCC_NO_COMMON_BLOCKS = YES;
				GCC_OPTIMIZATION_LEVEL = 0;
				GCC_PREPROCESSOR_DEFINITIONS = (
					"DEBUG=1",
					"$(inherited)",
				);
				GCC_WARN_64_TO_32_BIT_CONVERSION = YES;
				GCC_WARN_ABOUT_RETURN_TYPE = YES_ERROR;
				GCC_WARN_UNDECLARED_SELECTOR = YES;
				GCC_WARN_UNINITIALIZED_AUTOS = YES_AGGRESSIVE;
				GCC_WARN_UNUSED_FUNCTION = YES;
				GCC_WARN_UNUSED_VARIABLE = YES;
				IPHONEOS_DEPLOYMENT_TARGET = 9.3;
				MTL_ENABLE_DEBUG_INFO = YES;
				ONLY_ACTIVE_ARCH = YES;
				SDKROOT = iphoneos;
				TARGETED_DEVICE_FAMILY = "1,2";
			};
			name = Debug;
		};
		D8F13EB91D043EB4005244B7 /* Release */ = {
			isa = XCBuildConfiguration;
			buildSettings = {
				ALWAYS_SEARCH_USER_PATHS = NO;
				CLANG_ANALYZER_NONNULL = YES;
				CLANG_CXX_LANGUAGE_STANDARD = "gnu++0x";
				CLANG_CXX_LIBRARY = "libc++";
				CLANG_ENABLE_MODULES = YES;
				CLANG_ENABLE_OBJC_ARC = YES;
				CLANG_WARN_BOOL_CONVERSION = YES;
				CLANG_WARN_CONSTANT_CONVERSION = YES;
				CLANG_WARN_DIRECT_OBJC_ISA_USAGE = YES_ERROR;
				CLANG_WARN_EMPTY_BODY = YES;
				CLANG_WARN_ENUM_CONVERSION = YES;
				CLANG_WARN_INT_CONVERSION = YES;
				CLANG_WARN_OBJC_ROOT_CLASS = YES_ERROR;
				CLANG_WARN_UNREACHABLE_CODE = YES;
				CLANG_WARN__DUPLICATE_METHOD_MATCH = YES;
				"CODE_SIGN_IDENTITY[sdk=iphoneos*]" = "iPhone Developer";
				COPY_PHASE_STRIP = NO;
				DEBUG_INFORMATION_FORMAT = "dwarf-with-dsym";
				ENABLE_NS_ASSERTIONS = NO;
				ENABLE_STRICT_OBJC_MSGSEND = YES;
				GCC_C_LANGUAGE_STANDARD = gnu99;
				GCC_NO_COMMON_BLOCKS = YES;
				GCC_WARN_64_TO_32_BIT_CONVERSION = YES;
				GCC_WARN_ABOUT_RETURN_TYPE = YES_ERROR;
				GCC_WARN_UNDECLARED_SELECTOR = YES;
				GCC_WARN_UNINITIALIZED_AUTOS = YES_AGGRESSIVE;
				GCC_WARN_UNUSED_FUNCTION = YES;
				GCC_WARN_UNUSED_VARIABLE = YES;
				IPHONEOS_DEPLOYMENT_TARGET = 9.3;
				MTL_ENABLE_DEBUG_INFO = NO;
				SDKROOT = iphoneos;
				TARGETED_DEVICE_FAMILY = "1,2";
				VALIDATE_PRODUCT = YES;
			};
			name = Release;
		};
		D8F13EBB1D043EB4005244B7 /* Debug */ = {
			isa = XCBuildConfiguration;
			buildSettings = {
				ASSETCATALOG_COMPILER_APPICON_NAME = AppIcon;
				DEVELOPMENT_TEAM = SXRG394Q55;
				INFOPLIST_FILE = "$(SRCROOT)/HorizontalRollingDemo/Info.plist";
				LD_RUNPATH_SEARCH_PATHS = "$(inherited) @executable_path/Frameworks";
				PRODUCT_BUNDLE_IDENTIFIER = "com.xinhuashixun.----";
				PRODUCT_NAME = "$(TARGET_NAME)";
			};
			name = Debug;
		};
		D8F13EBC1D043EB4005244B7 /* Release */ = {
			isa = XCBuildConfiguration;
			buildSettings = {
				ASSETCATALOG_COMPILER_APPICON_NAME = AppIcon;
				DEVELOPMENT_TEAM = SXRG394Q55;
				INFOPLIST_FILE = "$(SRCROOT)/HorizontalRollingDemo/Info.plist";
				LD_RUNPATH_SEARCH_PATHS = "$(inherited) @executable_path/Frameworks";
				PRODUCT_BUNDLE_IDENTIFIER = "com.xinhuashixun.----";
				PRODUCT_NAME = "$(TARGET_NAME)";
			};
			name = Release;
		};
		D8F13EBE1D043EB4005244B7 /* Debug */ = {
			isa = XCBuildConfiguration;
			buildSettings = {
				BUNDLE_LOADER = "$(TEST_HOST)";
				INFOPLIST_FILE = HorizontalRollingDemoTests/Info.plist;
				LD_RUNPATH_SEARCH_PATHS = "$(inherited) @executable_path/Frameworks @loader_path/Frameworks";
				PRODUCT_BUNDLE_IDENTIFIER = "com.xinhuashixun.----Tests";
				PRODUCT_NAME = "$(TARGET_NAME)";
				TEST_HOST = "$(BUILT_PRODUCTS_DIR)/HorizontalRollingDemo.app/HorizontalRollingDemo";
			};
			name = Debug;
		};
		D8F13EBF1D043EB4005244B7 /* Release */ = {
			isa = XCBuildConfiguration;
			buildSettings = {
				BUNDLE_LOADER = "$(TEST_HOST)";
				INFOPLIST_FILE = HorizontalRollingDemoTests/Info.plist;
				LD_RUNPATH_SEARCH_PATHS = "$(inherited) @executable_path/Frameworks @loader_path/Frameworks";
				PRODUCT_BUNDLE_IDENTIFIER = "com.xinhuashixun.----Tests";
				PRODUCT_NAME = "$(TARGET_NAME)";
				TEST_HOST = "$(BUILT_PRODUCTS_DIR)/HorizontalRollingDemo.app/HorizontalRollingDemo";
			};
			name = Release;
		};
		D8F13EC11D043EB4005244B7 /* Debug */ = {
			isa = XCBuildConfiguration;
			buildSettings = {
				DEVELOPMENT_TEAM = SXRG394Q55;
				INFOPLIST_FILE = HorizontalRollingDemoUITests/Info.plist;
				LD_RUNPATH_SEARCH_PATHS = "$(inherited) @executable_path/Frameworks @loader_path/Frameworks";
				PRODUCT_BUNDLE_IDENTIFIER = "com.xinhuashixun.----UITests";
				PRODUCT_NAME = "$(TARGET_NAME)";
				TEST_TARGET_NAME = HorizontalRollingDemo;
			};
			name = Debug;
		};
		D8F13EC21D043EB4005244B7 /* Release */ = {
			isa = XCBuildConfiguration;
			buildSettings = {
				DEVELOPMENT_TEAM = SXRG394Q55;
				INFOPLIST_FILE = HorizontalRollingDemoUITests/Info.plist;
				LD_RUNPATH_SEARCH_PATHS = "$(inherited) @executable_path/Frameworks @loader_path/Frameworks";
				PRODUCT_BUNDLE_IDENTIFIER = "com.xinhuashixun.----UITests";
				PRODUCT_NAME = "$(TARGET_NAME)";
				TEST_TARGET_NAME = HorizontalRollingDemo;
			};
			name = Release;
		};
/* End XCBuildConfiguration section */

/* Begin XCConfigurationList section */
		D8F13E881D043EB3005244B7 /* Build configuration list for PBXProject "HorizontalRollingDemo" */ = {
			isa = XCConfigurationList;
			buildConfigurations = (
				D8F13EB81D043EB4005244B7 /* Debug */,
				D8F13EB91D043EB4005244B7 /* Release */,
			);
			defaultConfigurationIsVisible = 0;
			defaultConfigurationName = Release;
		};
		D8F13EBA1D043EB4005244B7 /* Build configuration list for PBXNativeTarget "HorizontalRollingDemo" */ = {
			isa = XCConfigurationList;
			buildConfigurations = (
				D8F13EBB1D043EB4005244B7 /* Debug */,
				D8F13EBC1D043EB4005244B7 /* Release */,
			);
			defaultConfigurationIsVisible = 0;
			defaultConfigurationName = Release;
		};
		D8F13EBD1D043EB4005244B7 /* Build configuration list for PBXNativeTarget "HorizontalRollingDemoTests" */ = {
			isa = XCConfigurationList;
			buildConfigurations = (
				D8F13EBE1D043EB4005244B7 /* Debug */,
				D8F13EBF1D043EB4005244B7 /* Release */,
			);
			defaultConfigurationIsVisible = 0;
			defaultConfigurationName = Release;
		};
		D8F13EC01D043EB4005244B7 /* Build configuration list for PBXNativeTarget "HorizontalRollingDemoUITests" */ = {
			isa = XCConfigurationList;
			buildConfigurations = (
				D8F13EC11D043EB4005244B7 /* Debug */,
				D8F13EC21D043EB4005244B7 /* Release */,
			);
			defaultConfigurationIsVisible = 0;
			defaultConfigurationName = Release;
		};
/* End XCConfigurationList section */
	};
	rootObject = D8F13E851D043EB3005244B7 /* Project object */;
}
